
Microsoft Visual Studio Solution File, Format Version 12.00
# Visual Studio 15
VisualStudioVersion = 15.0.28010.2003
MinimumVisualStudioVersion = 10.0.40219.1
Project("{FAE04EC0-301F-11D3-BF4B-00C04F79EFBC}") = "SQLIntro", "SQLIntro\SQLIntro.csproj", "{0F4FD150-9DF3-485C-9309-E373FE32639E}"
EndProject
Global
	GlobalSection(SolutionConfigurationPlatforms) = preSolution
		Debug|Any CPU = Debug|Any CPU
		Release|Any CPU = Release|Any CPU
	EndGlobalSection
	GlobalSection(ProjectConfigurationPlatforms) = postSolution
		{0F4FD150-9DF3-485C-9309-E373FE32639E}.Debug|Any CPU.ActiveCfg = Debug|Any CPU
		{0F4FD150-9DF3-485C-9309-E373FE32639E}.Debug|Any CPU.Build.0 = Debug|Any CPU
		{0F4FD150-9DF3-485C-9309-E373FE32639E}.Release|Any CPU.ActiveCfg = Release|Any CPU
		{0F4FD150-9DF3-485C-9309-E373FE32639E}.Release|Any CPU.Build.0 = Release|Any CPU
	EndGlobalSection
	GlobalSection(SolutionProperties) = preSolution
		HideSolutionNode = FALSE
	EndGlobalSection
	GlobalSection(ExtensibilityGlobals) = postSolution
		SolutionGuid = {6A94E06A-A3F5-43A0-9001-89A78488C9B2}
	EndGlobalSection
EndGlobal
